
Microsoft Visual Studio Solution File, Format Version 12.00
# Visual Studio Version 16
VisualStudioVersion = 16.0.31402.337
MinimumVisualStudioVersion = 10.0.40219.1
Project("{FAE04EC0-301F-11D3-BF4B-00C04F79EFBC}") = "WebApplication5", "WebApplication5\WebApplication5.csproj", "{42670D1D-761B-4DD1-9853-EC9D385591D0}"
EndProject
Global
	GlobalSection(SolutionConfigurationPlatforms) = preSolution
		Debug|Any CPU = Debug|Any CPU
		Release|Any CPU = Release|Any CPU
	EndGlobalSection
	GlobalSection(ProjectConfigurationPlatforms) = postSolution
		{42670D1D-761B-4DD1-9853-EC9D385591D0}.Debug|Any CPU.ActiveCfg = Debug|Any CPU
		{42670D1D-761B-4DD1-9853-EC9D385591D0}.Debug|Any CPU.Build.0 = Debug|Any CPU
		{42670D1D-761B-4DD1-9853-EC9D385591D0}.Release|Any CPU.ActiveCfg = Release|Any CPU
		{42670D1D-761B-4DD1-9853-EC9D385591D0}.Release|Any CPU.Build.0 = Release|Any CPU
	EndGlobalSection
	GlobalSection(SolutionProperties) = preSolution
		HideSolutionNode = FALSE
	EndGlobalSection
	GlobalSection(ExtensibilityGlobals) = postSolution
		SolutionGuid = {AD302BEB-9336-46EC-9852-8117FBE62157}
	EndGlobalSection
EndGlobal
